
Microsoft Visual Studio Solution File, Format Version 12.00
# Visual Studio Version 16
VisualStudioVersion = 16.0.29418.71
MinimumVisualStudioVersion = 10.0.40219.1
Project("{9A19103F-16F7-4668-BE54-9A1E7A4F7556}") = "DiContainer", "DiContainer\DiContainer.csproj", "{B92B2221-FAB5-400D-9DA5-BA51E081F694}"
EndProject
Project("{FAE04EC0-301F-11D3-BF4B-00C04F79EFBC}") = "EmailSenderInterfaces", "EmailSenderInterfaces\EmailSenderInterfaces.csproj", "{3CC3C75E-D519-449B-9E97-8F3884739074}"
EndProject
Project("{FAE04EC0-301F-11D3-BF4B-00C04F79EFBC}") = "EmailSenderImplementation2", "EmailSenderImplementation2\EmailSenderImplementation2.csproj", "{C49C55A6-2126-4B9A-8E7F-D5A2B2B827A5}"
EndProject
Project("{FAE04EC0-301F-11D3-BF4B-00C04F79EFBC}") = "EmailSenderImplementation1", "EmailSenderImplementation1\EmailSenderImplementation1.csproj", "{877B0BFE-11DE-440F-BD6E-55CB381E64F9}"
EndProject
Project("{FAE04EC0-301F-11D3-BF4B-00C04F79EFBC}") = "TinyDependencyInjectionContainer", "TinyDependencyInjectionContainer\TinyDependencyInjectionContainer.csproj", "{3D573B16-E342-4DC8-8D29-581E90D9CECF}"
EndProject
Global
	GlobalSection(SolutionConfigurationPlatforms) = preSolution
		Debug|Any CPU = Debug|Any CPU
		Release|Any CPU = Release|Any CPU
	EndGlobalSection
	GlobalSection(ProjectConfigurationPlatforms) = postSolution
		{B92B2221-FAB5-400D-9DA5-BA51E081F694}.Debug|Any CPU.ActiveCfg = Debug|Any CPU
		{B92B2221-FAB5-400D-9DA5-BA51E081F694}.Debug|Any CPU.Build.0 = Debug|Any CPU
		{B92B2221-FAB5-400D-9DA5-BA51E081F694}.Release|Any CPU.ActiveCfg = Release|Any CPU
		{B92B2221-FAB5-400D-9DA5-BA51E081F694}.Release|Any CPU.Build.0 = Release|Any CPU
		{3CC3C75E-D519-449B-9E97-8F3884739074}.Debug|Any CPU.ActiveCfg = Debug|Any CPU
		{3CC3C75E-D519-449B-9E97-8F3884739074}.Debug|Any CPU.Build.0 = Debug|Any CPU
		{3CC3C75E-D519-449B-9E97-8F3884739074}.Release|Any CPU.ActiveCfg = Release|Any CPU
		{3CC3C75E-D519-449B-9E97-8F3884739074}.Release|Any CPU.Build.0 = Release|Any CPU
		{C49C55A6-2126-4B9A-8E7F-D5A2B2B827A5}.Debug|Any CPU.ActiveCfg = Debug|Any CPU
		{C49C55A6-2126-4B9A-8E7F-D5A2B2B827A5}.Debug|Any CPU.Build.0 = Debug|Any CPU
		{C49C55A6-2126-4B9A-8E7F-D5A2B2B827A5}.Release|Any CPU.ActiveCfg = Release|Any CPU
		{C49C55A6-2126-4B9A-8E7F-D5A2B2B827A5}.Release|Any CPU.Build.0 = Release|Any CPU
		{877B0BFE-11DE-440F-BD6E-55CB381E64F9}.Debug|Any CPU.ActiveCfg = Debug|Any CPU
		{877B0BFE-11DE-440F-BD6E-55CB381E64F9}.Debug|Any CPU.Build.0 = Debug|Any CPU
		{877B0BFE-11DE-440F-BD6E-55CB381E64F9}.Release|Any CPU.ActiveCfg = Release|Any CPU
		{877B0BFE-11DE-440F-BD6E-55CB381E64F9}.Release|Any CPU.Build.0 = Release|Any CPU
		{3D573B16-E342-4DC8-8D29-581E90D9CECF}.Debug|Any CPU.ActiveCfg = Debug|Any CPU
		{3D573B16-E342-4DC8-8D29-581E90D9CECF}.Debug|Any CPU.Build.0 = Debug|Any CPU
		{3D573B16-E342-4DC8-8D29-581E90D9CECF}.Release|Any CPU.ActiveCfg = Release|Any CPU
		{3D573B16-E342-4DC8-8D29-581E90D9CECF}.Release|Any CPU.Build.0 = Release|Any CPU
	EndGlobalSection
	GlobalSection(SolutionProperties) = preSolution
		HideSolutionNode = FALSE
	EndGlobalSection
	GlobalSection(ExtensibilityGlobals) = postSolution
		SolutionGuid = {57BB3851-0B88-441E-AA30-11A6BB64BE64}
	EndGlobalSection
EndGlobal
